// !$*UTF8*$!
{
	archiveVersion = 1;
	classes = {
	};
	objectVersion = 48;
	objects = {

/* Begin PBXBuildFile section */
		D696E6242264E152001E989C /* AppDelegate.swift in Sources */ = {isa = PBXBuildFile; fileRef = D696E6232264E152001E989C /* AppDelegate.swift */; };
		D696E6262264E152001E989C /* ViewController.swift in Sources */ = {isa = PBXBuildFile; fileRef = D696E6252264E152001E989C /* ViewController.swift */; };
		D696E6292264E152001E989C /* Main.storyboard in Resources */ = {isa = PBXBuildFile; fileRef = D696E6272264E152001E989C /* Main.storyboard */; };
		D696E62B2264E152001E989C /* Assets.xcassets in Resources */ = {isa = PBXBuildFile; fileRef = D696E62A2264E152001E989C /* Assets.xcassets */; };
		D696E62E2264E152001E989C /* LaunchScreen.storyboard in Resources */ = {isa = PBXBuildFile; fileRef = D696E62C2264E152001E989C /* LaunchScreen.storyboard */; };
		D696E6392264E152001E989C /* Gabe_s_WorldTests.swift in Sources */ = {isa = PBXBuildFile; fileRef = D696E6382264E152001E989C /* Gabe_s_WorldTests.swift */; };
		D696E6442264E152001E989C /* Gabe_s_WorldUITests.swift in Sources */ = {isa = PBXBuildFile; fileRef = D696E6432264E152001E989C /* Gabe_s_WorldUITests.swift */; };
		D696E6522264F2DE001E989C /* Marshmello%2C%20Bastille%20-%20Happier%20(Lyrics).mp3 in Resources */ = {isa = PBXBuildFile; fileRef = D696E6512264F2DD001E989C /* Marshmello%2C%20Bastille%20-%20Happier%20(Lyrics).mp3 */; };
/* End PBXBuildFile section */

/* Begin PBXContainerItemProxy section */
		D696E6352264E152001E989C /* PBXContainerItemProxy */ = {
			isa = PBXContainerItemProxy;
			containerPortal = D696E6182264E152001E989C /* Project object */;
			proxyType = 1;
			remoteGlobalIDString = D696E61F2264E152001E989C;
			remoteInfo = "Gabe's World";
		};
		D696E6402264E152001E989C /* PBXContainerItemProxy */ = {
			isa = PBXContainerItemProxy;
			containerPortal = D696E6182264E152001E989C /* Project object */;
			proxyType = 1;
			remoteGlobalIDString = D696E61F2264E152001E989C;
			remoteInfo = "Gabe's World";
		};
/* End PBXContainerItemProxy section */

/* Begin PBXFileReference section */
		D696E6202264E152001E989C /* Gabe's World.app */ = {isa = PBXFileReference; explicitFileType = wrapper.application; includeInIndex = 0; path = "Gabe's World.app"; sourceTree = BUILT_PRODUCTS_DIR; };
		D696E6232264E152001E989C /* AppDelegate.swift */ = {isa = PBXFileReference; lastKnownFileType = sourcecode.swift; path = AppDelegate.swift; sourceTree = "<group>"; };
		D696E6252264E152001E989C /* ViewController.swift */ = {isa = PBXFileReference; lastKnownFileType = sourcecode.swift; path = ViewController.swift; sourceTree = "<group>"; };
		D696E6282264E152001E989C /* Base */ = {isa = PBXFileReference; lastKnownFileType = file.storyboard; name = Base; path = Base.lproj/Main.storyboard; sourceTree = "<group>"; };
		D696E62A2264E152001E989C /* Assets.xcassets */ = {isa = PBXFileReference; lastKnownFileType = folder.assetcatalog; path = Assets.xcassets; sourceTree = "<group>"; };
		D696E62D2264E152001E989C /* Base */ = {isa = PBXFileReference; lastKnownFileType = file.storyboard; name = Base; path = Base.lproj/LaunchScreen.storyboard; sourceTree = "<group>"; };
		D696E62F2264E152001E989C /* Info.plist */ = {isa = PBXFileReference; lastKnownFileType = text.plist.xml; path = Info.plist; sourceTree = "<group>"; };
		D696E6342264E152001E989C /* Gabe's WorldTests.xctest */ = {isa = PBXFileReference; explicitFileType = wrapper.cfbundle; includeInIndex = 0; path = "Gabe's WorldTests.xctest"; sourceTree = BUILT_PRODUCTS_DIR; };
		D696E6382264E152001E989C /* Gabe_s_WorldTests.swift */ = {isa = PBXFileReference; lastKnownFileType = sourcecode.swift; path = Gabe_s_WorldTests.swift; sourceTree = "<group>"; };
		D696E63A2264E152001E989C /* Info.plist */ = {isa = PBXFileReference; lastKnownFileType = text.plist.xml; path = Info.plist; sourceTree = "<group>"; };
		D696E63F2264E152001E989C /* Gabe's WorldUITests.xctest */ = {isa = PBXFileReference; explicitFileType = wrapper.cfbundle; includeInIndex = 0; path = "Gabe's WorldUITests.xctest"; sourceTree = BUILT_PRODUCTS_DIR; };
		D696E6432264E152001E989C /* Gabe_s_WorldUITests.swift */ = {isa = PBXFileReference; lastKnownFileType = sourcecode.swift; path = Gabe_s_WorldUITests.swift; sourceTree = "<group>"; };
		D696E6452264E152001E989C /* Info.plist */ = {isa = PBXFileReference; lastKnownFileType = text.plist.xml; path = Info.plist; sourceTree = "<group>"; };
		D696E6512264F2DD001E989C /* Marshmello%2C%20Bastille%20-%20Happier%20(Lyrics).mp3 */ = {isa = PBXFileReference; lastKnownFileType = audio.mp3; path = "Marshmello%2C%20Bastille%20-%20Happier%20(Lyrics).mp3"; sourceTree = "<group>"; };
/* End PBXFileReference section */

/* Begin PBXFrameworksBuildPhase section */
		D696E61D2264E152001E989C /* Frameworks */ = {
			isa = PBXFrameworksBuildPhase;
			buildActionMask = 2147483647;
			files = (
			);
			runOnlyForDeploymentPostprocessing = 0;
		};
		D696E6312264E152001E989C /* Frameworks */ = {
			isa = PBXFrameworksBuildPhase;
			buildActionMask = 2147483647;
			files = (
			);
			runOnlyForDeploymentPostprocessing = 0;
		};
		D696E63C2264E152001E989C /* Frameworks */ = {
			isa = PBXFrameworksBuildPhase;
			buildActionMask = 2147483647;
			files = (
			);
			runOnlyForDeploymentPostprocessing = 0;
		};
/* End PBXFrameworksBuildPhase section */

/* Begin PBXGroup section */
		D696E6172264E152001E989C = {
			isa = PBXGroup;
			children = (
				D696E6222264E152001E989C /* Gabe's World */,
				D696E6372264E152001E989C /* Gabe's WorldTests */,
				D696E6422264E152001E989C /* Gabe's WorldUITests */,
				D696E6212264E152001E989C /* Products */,
			);
			sourceTree = "<group>";
		};
		D696E6212264E152001E989C /* Products */ = {
			isa = PBXGroup;
			children = (
				D696E6202264E152001E989C /* Gabe's World.app */,
				D696E6342264E152001E989C /* Gabe's WorldTests.xctest */,
				D696E63F2264E152001E989C /* Gabe's WorldUITests.xctest */,
			);
			name = Products;
			sourceTree = "<group>";
		};
		D696E6222264E152001E989C /* Gabe's World */ = {
			isa = PBXGroup;
			children = (
				D696E6512264F2DD001E989C /* Marshmello%2C%20Bastille%20-%20Happier%20(Lyrics).mp3 */,
				D696E6232264E152001E989C /* AppDelegate.swift */,
				D696E6252264E152001E989C /* ViewController.swift */,
				D696E6272264E152001E989C /* Main.storyboard */,
				D696E62A2264E152001E989C /* Assets.xcassets */,
				D696E62C2264E152001E989C /* LaunchScreen.storyboard */,
				D696E62F2264E152001E989C /* Info.plist */,
			);
			path = "Gabe's World";
			sourceTree = "<group>";
		};
		D696E6372264E152001E989C /* Gabe's WorldTests */ = {
			isa = PBXGroup;
			children = (
				D696E6382264E152001E989C /* Gabe_s_WorldTests.swift */,
				D696E63A2264E152001E989C /* Info.plist */,
			);
			path = "Gabe's WorldTests";
			sourceTree = "<group>";
		};
		D696E6422264E152001E989C /* Gabe's WorldUITests */ = {
			isa = PBXGroup;
			children = (
				D696E6432264E152001E989C /* Gabe_s_WorldUITests.swift */,
				D696E6452264E152001E989C /* Info.plist */,
			);
			path = "Gabe's WorldUITests";
			sourceTree = "<group>";
		};
/* End PBXGroup section */

/* Begin PBXNativeTarget section */
		D696E61F2264E152001E989C /* Gabe's World */ = {
			isa = PBXNativeTarget;
			buildConfigurationList = D696E6482264E152001E989C /* Build configuration list for PBXNativeTarget "Gabe's World" */;
			buildPhases = (
				D696E61C2264E152001E989C /* Sources */,
				D696E61D2264E152001E989C /* Frameworks */,
				D696E61E2264E152001E989C /* Resources */,
			);
			buildRules = (
			);
			dependencies = (
			);
			name = "Gabe's World";
			productName = "Gabe's World";
			productReference = D696E6202264E152001E989C /* Gabe's World.app */;
			productType = "com.apple.product-type.application";
		};
		D696E6332264E152001E989C /* Gabe's WorldTests */ = {
			isa = PBXNativeTarget;
			buildConfigurationList = D696E64B2264E152001E989C /* Build configuration list for PBXNativeTarget "Gabe's WorldTests" */;
			buildPhases = (
				D696E6302264E152001E989C /* Sources */,
				D696E6312264E152001E989C /* Frameworks */,
				D696E6322264E152001E989C /* Resources */,
			);
			buildRules = (
			);
			dependencies = (
				D696E6362264E152001E989C /* PBXTargetDependency */,
			);
			name = "Gabe's WorldTests";
			productName = "Gabe's WorldTests";
			productReference = D696E6342264E152001E989C /* Gabe's WorldTests.xctest */;
			productType = "com.apple.product-type.bundle.unit-test";
		};
		D696E63E2264E152001E989C /* Gabe's WorldUITests */ = {
			isa = PBXNativeTarget;
			buildConfigurationList = D696E64E2264E152001E989C /* Build configuration list for PBXNativeTarget "Gabe's WorldUITests" */;
			buildPhases = (
				D696E63B2264E152001E989C /* Sources */,
				D696E63C2264E152001E989C /* Frameworks */,
				D696E63D2264E152001E989C /* Resources */,
			);
			buildRules = (
			);
			dependencies = (
				D696E6412264E152001E989C /* PBXTargetDependency */,
			);
			name = "Gabe's WorldUITests";
			productName = "Gabe's WorldUITests";
			productReference = D696E63F2264E152001E989C /* Gabe's WorldUITests.xctest */;
			productType = "com.apple.product-type.bundle.ui-testing";
		};
/* End PBXNativeTarget section */

/* Begin PBXProject section */
		D696E6182264E152001E989C /* Project object */ = {
			isa = PBXProject;
			attributes = {
				LastSwiftUpdateCheck = 0920;
				LastUpgradeCheck = 0920;
				ORGANIZATIONNAME = "Project Exploration";
				TargetAttributes = {
					D696E61F2264E152001E989C = {
						CreatedOnToolsVersion = 9.2;
						ProvisioningStyle = Automatic;
					};
					D696E6332264E152001E989C = {
						CreatedOnToolsVersion = 9.2;
						ProvisioningStyle = Automatic;
						TestTargetID = D696E61F2264E152001E989C;
					};
					D696E63E2264E152001E989C = {
						CreatedOnToolsVersion = 9.2;
						ProvisioningStyle = Automatic;
						TestTargetID = D696E61F2264E152001E989C;
					};
				};
			};
			buildConfigurationList = D696E61B2264E152001E989C /* Build configuration list for PBXProject "Gabe's World" */;
			compatibilityVersion = "Xcode 8.0";
			developmentRegion = en;
			hasScannedForEncodings = 0;
			knownRegions = (
				en,
				Base,
			);
			mainGroup = D696E6172264E152001E989C;
			productRefGroup = D696E6212264E152001E989C /* Products */;
			projectDirPath = "";
			projectRoot = "";
			targets = (
				D696E61F2264E152001E989C /* Gabe's World */,
				D696E6332264E152001E989C /* Gabe's WorldTests */,
				D696E63E2264E152001E989C /* Gabe's WorldUITests */,
			);
		};
/* End PBXProject section */

/* Begin PBXResourcesBuildPhase section */
		D696E61E2264E152001E989C /* Resources */ = {
			isa = PBXResourcesBuildPhase;
			buildActionMask = 2147483647;
			files = (
				D696E62E2264E152001E989C /* LaunchScreen.storyboard in Resources */,
				D696E62B2264E152001E989C /* Assets.xcassets in Resources */,
				D696E6522264F2DE001E989C /* Marshmello%2C%20Bastille%20-%20Happier%20(Lyrics).mp3 in Resources */,
				D696E6292264E152001E989C /* Main.storyboard in Resources */,
			);
			runOnlyForDeploymentPostprocessing = 0;
		};
		D696E6322264E152001E989C /* Resources */ = {
			isa = PBXResourcesBuildPhase;
			buildActionMask = 2147483647;
			files = (
			);
			runOnlyForDeploymentPostprocessing = 0;
		};
		D696E63D2264E152001E989C /* Resources */ = {
			isa = PBXResourcesBuildPhase;
			buildActionMask = 2147483647;
			files = (
			);
			runOnlyForDeploymentPostprocessing = 0;
		};
/* End PBXResourcesBuildPhase section */

/* Begin PBXSourcesBuildPhase section */
		D696E61C2264E152001E989C /* Sources */ = {
			isa = PBXSourcesBuildPhase;
			buildActionMask = 2147483647;
			files = (
				D696E6262264E152001E989C /* ViewController.swift in Sources */,
				D696E6242264E152001E989C /* AppDelegate.swift in Sources */,
			);
			runOnlyForDeploymentPostprocessing = 0;
		};
		D696E6302264E152001E989C /* Sources */ = {
			isa = PBXSourcesBuildPhase;
			buildActionMask = 2147483647;
			files = (
				D696E6392264E152001E989C /* Gabe_s_WorldTests.swift in Sources */,
			);
			runOnlyForDeploymentPostprocessing = 0;
		};
		D696E63B2264E152001E989C /* Sources */ = {
			isa = PBXSourcesBuildPhase;
			buildActionMask = 2147483647;
			files = (
				D696E6442264E152001E989C /* Gabe_s_WorldUITests.swift in Sources */,
			);
			runOnlyForDeploymentPostprocessing = 0;
		};
/* End PBXSourcesBuildPhase section */

/* Begin PBXTargetDependency section */
		D696E6362264E152001E989C /* PBXTargetDependency */ = {
			isa = PBXTargetDependency;
			target = D696E61F2264E152001E989C /* Gabe's World */;
			targetProxy = D696E6352264E152001E989C /* PBXContainerItemProxy */;
		};
		D696E6412264E152001E989C /* PBXTargetDependency */ = {
			isa = PBXTargetDependency;
			target = D696E61F2264E152001E989C /* Gabe's World */;
			targetProxy = D696E6402264E152001E989C /* PBXContainerItemProxy */;
		};
/* End PBXTargetDependency section */

/* Begin PBXVariantGroup section */
		D696E6272264E152001E989C /* Main.storyboard */ = {
			isa = PBXVariantGroup;
			children = (
				D696E6282264E152001E989C /* Base */,
			);
			name = Main.storyboard;
			sourceTree = "<group>";
		};
		D696E62C2264E152001E989C /* LaunchScreen.storyboard */ = {
			isa = PBXVariantGroup;
			children = (
				D696E62D2264E152001E989C /* Base */,
			);
			name = LaunchScreen.storyboard;
			sourceTree = "<group>";
		};
/* End PBXVariantGroup section */

/* Begin XCBuildConfiguration section */
		D696E6462264E152001E989C /* Debug */ = {
			isa = XCBuildConfiguration;
			buildSettings = {
				ALWAYS_SEARCH_USER_PATHS = NO;
				CLANG_ANALYZER_NONNULL = YES;
				CLANG_ANALYZER_NUMBER_OBJECT_CONVERSION = YES_AGGRESSIVE;
				CLANG_CXX_LANGUAGE_STANDARD = "gnu++14";
				CLANG_CXX_LIBRARY = "libc++";
				CLANG_ENABLE_MODULES = YES;
				CLANG_ENABLE_OBJC_ARC = YES;
				CLANG_WARN_BLOCK_CAPTURE_AUTORELEASING = YES;
				CLANG_WARN_BOOL_CONVERSION = YES;
				CLANG_WARN_COMMA = YES;
				CLANG_WARN_CONSTANT_CONVERSION = YES;
				CLANG_WARN_DIRECT_OBJC_ISA_USAGE = YES_ERROR;
				CLANG_WARN_DOCUMENTATION_COMMENTS = YES;
				CLANG_WARN_EMPTY_BODY = YES;
				CLANG_WARN_ENUM_CONVERSION = YES;
				CLANG_WARN_INFINITE_RECURSION = YES;
				CLANG_WARN_INT_CONVERSION = YES;
				CLANG_WARN_NON_LITERAL_NULL_CONVERSION = YES;
				CLANG_WARN_OBJC_LITERAL_CONVERSION = YES;
				CLANG_WARN_OBJC_ROOT_CLASS = YES_ERROR;
				CLANG_WARN_RANGE_LOOP_ANALYSIS = YES;
				CLANG_WARN_STRICT_PROTOTYPES = YES;
				CLANG_WARN_SUSPICIOUS_MOVE = YES;
				CLANG_WARN_UNGUARDED_AVAILABILITY = YES_AGGRESSIVE;
				CLANG_WARN_UNREACHABLE_CODE = YES;
				CLANG_WARN__DUPLICATE_METHOD_MATCH = YES;
				CODE_SIGN_IDENTITY = "iPhone Developer";
				COPY_PHASE_STRIP = NO;
				DEBUG_INFORMATION_FORMAT = dwarf;
				ENABLE_STRICT_OBJC_MSGSEND = YES;
				ENABLE_TESTABILITY = YES;
				GCC_C_LANGUAGE_STANDARD = gnu11;
				GCC_DYNAMIC_NO_PIC = NO;
				GCC_NO_COMMON_BLOCKS = YES;
				GCC_OPTIMIZATION_LEVEL = 0;
				GCC_PREPROCESSOR_DEFINITIONS = (
					"DEBUG=1",
					"$(inherited)",
				);
				GCC_WARN_64_TO_32_BIT_CONVERSION = YES;
				GCC_WARN_ABOUT_RETURN_TYPE = YES_ERROR;
				GCC_WARN_UNDECLARED_SELECTOR = YES;
				GCC_WARN_UNINITIALIZED_AUTOS = YES_AGGRESSIVE;
				GCC_WARN_UNUSED_FUNCTION = YES;
				GCC_WARN_UNUSED_VARIABLE = YES;
				IPHONEOS_DEPLOYMENT_TARGET = 11.2;
				MTL_ENABLE_DEBUG_INFO = YES;
				ONLY_ACTIVE_ARCH = YES;
				SDKROOT = iphoneos;
				SWIFT_ACTIVE_COMPILATION_CONDITIONS = DEBUG;
				SWIFT_OPTIMIZATION_LEVEL = "-Onone";
			};
			name = Debug;
		};
		D696E6472264E152001E989C /* Release */ = {
			isa = XCBuildConfiguration;
			buildSettings = {
				ALWAYS_SEARCH_USER_PATHS = NO;
				CLANG_ANALYZER_NONNULL = YES;
				CLANG_ANALYZER_NUMBER_OBJECT_CONVERSION = YES_AGGRESSIVE;
				CLANG_CXX_LANGUAGE_STANDARD = "gnu++14";
				CLANG_CXX_LIBRARY = "libc++";
				CLANG_ENABLE_MODULES = YES;
				CLANG_ENABLE_OBJC_ARC = YES;
				CLANG_WARN_BLOCK_CAPTURE_AUTORELEASING = YES;
				CLANG_WARN_BOOL_CONVERSION = YES;
				CLANG_WARN_COMMA = YES;
				CLANG_WARN_CONSTANT_CONVERSION = YES;
				CLANG_WARN_DIRECT_OBJC_ISA_USAGE = YES_ERROR;
				CLANG_WARN_DOCUMENTATION_COMMENTS = YES;
				CLANG_WARN_EMPTY_BODY = YES;
				CLANG_WARN_ENUM_CONVERSION = YES;
				CLANG_WARN_INFINITE_RECURSION = YES;
				CLANG_WARN_INT_CONVERSION = YES;
				CLANG_WARN_NON_LITERAL_NULL_CONVERSION = YES;
				CLANG_WARN_OBJC_LITERAL_CONVERSION = YES;
				CLANG_WARN_OBJC_ROOT_CLASS = YES_ERROR;
				CLANG_WARN_RANGE_LOOP_ANALYSIS = YES;
				CLANG_WARN_STRICT_PROTOTYPES = YES;
				CLANG_WARN_SUSPICIOUS_MOVE = YES;
				CLANG_WARN_UNGUARDED_AVAILABILITY = YES_AGGRESSIVE;
				CLANG_WARN_UNREACHABLE_CODE = YES;
				CLANG_WARN__DUPLICATE_METHOD_MATCH = YES;
				CODE_SIGN_IDENTITY = "iPhone Developer";
				COPY_PHASE_STRIP = NO;
				DEBUG_INFORMATION_FORMAT = "dwarf-with-dsym";
				ENABLE_NS_ASSERTIONS = NO;
				ENABLE_STRICT_OBJC_MSGSEND = YES;
				GCC_C_LANGUAGE_STANDARD = gnu11;
				GCC_NO_COMMON_BLOCKS = YES;
				GCC_WARN_64_TO_32_BIT_CONVERSION = YES;
				GCC_WARN_ABOUT_RETURN_TYPE = YES_ERROR;
				GCC_WARN_UNDECLARED_SELECTOR = YES;
				GCC_WARN_UNINITIALIZED_AUTOS = YES_AGGRESSIVE;
				GCC_WARN_UNUSED_FUNCTION = YES;
				GCC_WARN_UNUSED_VARIABLE = YES;
				IPHONEOS_DEPLOYMENT_TARGET = 11.2;
				MTL_ENABLE_DEBUG_INFO = NO;
				SDKROOT = iphoneos;
				SWIFT_OPTIMIZATION_LEVEL = "-Owholemodule";
				VALIDATE_PRODUCT = YES;
			};
			name = Release;
		};
		D696E6492264E152001E989C /* Debug */ = {
			isa = XCBuildConfiguration;
			buildSettings = {
				ASSETCATALOG_COMPILER_APPICON_NAME = AppIcon;
				CODE_SIGN_STYLE = Automatic;
				DEVELOPMENT_TEAM = Q6KPB6487G;
				INFOPLIST_FILE = "Gabe's World/Info.plist";
				LD_RUNPATH_SEARCH_PATHS = "$(inherited) @executable_path/Frameworks";
				PRODUCT_BUNDLE_IDENTIFIER = com.gabeworld.exploration;
				PRODUCT_NAME = "$(TARGET_NAME)";
				SWIFT_VERSION = 4.0;
				TARGETED_DEVICE_FAMILY = "1,2";
			};
			name = Debug;
		};
		D696E64A2264E152001E989C /* Release */ = {
			isa = XCBuildConfiguration;
			buildSettings = {
				ASSETCATALOG_COMPILER_APPICON_NAME = AppIcon;
				CODE_SIGN_STYLE = Automatic;
				DEVELOPMENT_TEAM = Q6KPB6487G;
				INFOPLIST_FILE = "Gabe's World/Info.plist";
				LD_RUNPATH_SEARCH_PATHS = "$(inherited) @executable_path/Frameworks";
				PRODUCT_BUNDLE_IDENTIFIER = com.gabeworld.exploration;
				PRODUCT_NAME = "$(TARGET_NAME)";
				SWIFT_VERSION = 4.0;
				TARGETED_DEVICE_FAMILY = "1,2";
			};
			name = Release;
		};
		D696E64C2264E152001E989C /* Debug */ = {
			isa = XCBuildConfiguration;
			buildSettings = {
				ALWAYS_EMBED_SWIFT_STANDARD_LIBRARIES = YES;
				BUNDLE_LOADER = "$(TEST_HOST)";
				CODE_SIGN_STYLE = Automatic;
				INFOPLIST_FILE = "Gabe's WorldTests/Info.plist";
				LD_RUNPATH_SEARCH_PATHS = "$(inherited) @executable_path/Frameworks @loader_path/Frameworks";
				PRODUCT_BUNDLE_IDENTIFIER = "com.gabeworld.exploration.Gabe-s-WorldTests";
				PRODUCT_NAME = "$(TARGET_NAME)";
				SWIFT_VERSION = 4.0;
				TARGETED_DEVICE_FAMILY = "1,2";
				TEST_HOST = "$(BUILT_PRODUCTS_DIR)/Gabe's World.app/Gabe's World";
			};
			name = Debug;
		};
		D696E64D2264E152001E989C /* Release */ = {
			isa = XCBuildConfiguration;
			buildSettings = {
				ALWAYS_EMBED_SWIFT_STANDARD_LIBRARIES = YES;
				BUNDLE_LOADER = "$(TEST_HOST)";
				CODE_SIGN_STYLE = Automatic;
				INFOPLIST_FILE = "Gabe's WorldTests/Info.plist";
				LD_RUNPATH_SEARCH_PATHS = "$(inherited) @executable_path/Frameworks @loader_path/Frameworks";
				PRODUCT_BUNDLE_IDENTIFIER = "com.gabeworld.exploration.Gabe-s-WorldTests";
				PRODUCT_NAME = "$(TARGET_NAME)";
				SWIFT_VERSION = 4.0;
				TARGETED_DEVICE_FAMILY = "1,2";
				TEST_HOST = "$(BUILT_PRODUCTS_DIR)/Gabe's World.app/Gabe's World";
			};
			name = Release;
		};
		D696E64F2264E152001E989C /* Debug */ = {
			isa = XCBuildConfiguration;
			buildSettings = {
				ALWAYS_EMBED_SWIFT_STANDARD_LIBRARIES = YES;
				CODE_SIGN_STYLE = Automatic;
				INFOPLIST_FILE = "Gabe's WorldUITests/Info.plist";
				LD_RUNPATH_SEARCH_PATHS = "$(inherited) @executable_path/Frameworks @loader_path/Frameworks";
				PRODUCT_BUNDLE_IDENTIFIER = "com.gabeworld.exploration.Gabe-s-WorldUITests";
				PRODUCT_NAME = "$(TARGET_NAME)";
				SWIFT_VERSION = 4.0;
				TARGETED_DEVICE_FAMILY = "1,2";
				TEST_TARGET_NAME = "Gabe's World";
			};
			name = Debug;
		};
		D696E6502264E152001E989C /* Release */ = {
			isa = XCBuildConfiguration;
			buildSettings = {
				ALWAYS_EMBED_SWIFT_STANDARD_LIBRARIES = YES;
				CODE_SIGN_STYLE = Automatic;
				INFOPLIST_FILE = "Gabe's WorldUITests/Info.plist";
				LD_RUNPATH_SEARCH_PATHS = "$(inherited) @executable_path/Frameworks @loader_path/Frameworks";
				PRODUCT_BUNDLE_IDENTIFIER = "com.gabeworld.exploration.Gabe-s-WorldUITests";
				PRODUCT_NAME = "$(TARGET_NAME)";
				SWIFT_VERSION = 4.0;
				TARGETED_DEVICE_FAMILY = "1,2";
				TEST_TARGET_NAME = "Gabe's World";
			};
			name = Release;
		};
/* End XCBuildConfiguration section */

/* Begin XCConfigurationList section */
		D696E61B2264E152001E989C /* Build configuration list for PBXProject "Gabe's World" */ = {
			isa = XCConfigurationList;
			buildConfigurations = (
				D696E6462264E152001E989C /* Debug */,
				D696E6472264E152001E989C /* Release */,
			);
			defaultConfigurationIsVisible = 0;
			defaultConfigurationName = Release;
		};
		D696E6482264E152001E989C /* Build configuration list for PBXNativeTarget "Gabe's World" */ = {
			isa = XCConfigurationList;
			buildConfigurations = (
				D696E6492264E152001E989C /* Debug */,
				D696E64A2264E152001E989C /* Release */,
			);
			defaultConfigurationIsVisible = 0;
			defaultConfigurationName = Release;
		};
		D696E64B2264E152001E989C /* Build configuration list for PBXNativeTarget "Gabe's WorldTests" */ = {
			isa = XCConfigurationList;
			buildConfigurations = (
				D696E64C2264E152001E989C /* Debug */,
				D696E64D2264E152001E989C /* Release */,
			);
			defaultConfigurationIsVisible = 0;
			defaultConfigurationName = Release;
		};
		D696E64E2264E152001E989C /* Build configuration list for PBXNativeTarget "Gabe's WorldUITests" */ = {
			isa = XCConfigurationList;
			buildConfigurations = (
				D696E64F2264E152001E989C /* Debug */,
				D696E6502264E152001E989C /* Release */,
			);
			defaultConfigurationIsVisible = 0;
			defaultConfigurationName = Release;
		};
/* End XCConfigurationList section */
	};
	rootObject = D696E6182264E152001E989C /* Project object */;
}
